
Microsoft Visual Studio Solution File, Format Version 12.00
# Visual Studio Version 17
VisualStudioVersion = 17.14.36518.9 d17.14
MinimumVisualStudioVersion = 10.0.40219.1
Project("{FAE04EC0-301F-11D3-BF4B-00C04F79EFBC}") = "StudentCRUD", "StudentCRUD\StudentCRUD.csproj", "{17C23173-F0CB-41D7-A67F-100B1F3BD4EE}"
EndProject
Project("{FAE04EC0-301F-11D3-BF4B-00C04F79EFBC}") = "StudentCRUD.Appllication", "StudentCRUD.Appllication\StudentCRUD.Appllication.csproj", "{EC4727B1-6165-487E-A8DA-8CBD93AD3DB1}"
EndProject
Project("{FAE04EC0-301F-11D3-BF4B-00C04F79EFBC}") = "StudentCRUD.Domain", "StudentCRUD.Domain\StudentCRUD.Domain.csproj", "{5352A7A2-A611-4FA9-851A-81477CB50537}"
EndProject
Project("{FAE04EC0-301F-11D3-BF4B-00C04F79EFBC}") = "StudentCRUD.Infrasturucture", "StudentCRUD.Infrasturucture\StudentCRUD.Infrasturucture.csproj", "{C949A806-A47C-4C7E-96C8-64DB2194E01C}"
EndProject
Global
	GlobalSection(SolutionConfigurationPlatforms) = preSolution
		Debug|Any CPU = Debug|Any CPU
		Release|Any CPU = Release|Any CPU
	EndGlobalSection
	GlobalSection(ProjectConfigurationPlatforms) = postSolution
		{17C23173-F0CB-41D7-A67F-100B1F3BD4EE}.Debug|Any CPU.ActiveCfg = Debug|Any CPU
		{17C23173-F0CB-41D7-A67F-100B1F3BD4EE}.Debug|Any CPU.Build.0 = Debug|Any CPU
		{17C23173-F0CB-41D7-A67F-100B1F3BD4EE}.Release|Any CPU.ActiveCfg = Release|Any CPU
		{17C23173-F0CB-41D7-A67F-100B1F3BD4EE}.Release|Any CPU.Build.0 = Release|Any CPU
		{EC4727B1-6165-487E-A8DA-8CBD93AD3DB1}.Debug|Any CPU.ActiveCfg = Debug|Any CPU
		{EC4727B1-6165-487E-A8DA-8CBD93AD3DB1}.Debug|Any CPU.Build.0 = Debug|Any CPU
		{EC4727B1-6165-487E-A8DA-8CBD93AD3DB1}.Release|Any CPU.ActiveCfg = Release|Any CPU
		{EC4727B1-6165-487E-A8DA-8CBD93AD3DB1}.Release|Any CPU.Build.0 = Release|Any CPU
		{5352A7A2-A611-4FA9-851A-81477CB50537}.Debug|Any CPU.ActiveCfg = Debug|Any CPU
		{5352A7A2-A611-4FA9-851A-81477CB50537}.Debug|Any CPU.Build.0 = Debug|Any CPU
		{5352A7A2-A611-4FA9-851A-81477CB50537}.Release|Any CPU.ActiveCfg = Release|Any CPU
		{5352A7A2-A611-4FA9-851A-81477CB50537}.Release|Any CPU.Build.0 = Release|Any CPU
		{C949A806-A47C-4C7E-96C8-64DB2194E01C}.Debug|Any CPU.ActiveCfg = Debug|Any CPU
		{C949A806-A47C-4C7E-96C8-64DB2194E01C}.Debug|Any CPU.Build.0 = Debug|Any CPU
		{C949A806-A47C-4C7E-96C8-64DB2194E01C}.Release|Any CPU.ActiveCfg = Release|Any CPU
		{C949A806-A47C-4C7E-96C8-64DB2194E01C}.Release|Any CPU.Build.0 = Release|Any CPU
	EndGlobalSection
	GlobalSection(SolutionProperties) = preSolution
		HideSolutionNode = FALSE
	EndGlobalSection
	GlobalSection(ExtensibilityGlobals) = postSolution
		SolutionGuid = {B57997AC-2456-455D-8985-90B25227CD85}
	EndGlobalSection
EndGlobal
